// !$*UTF8*$!
{
	archiveVersion = 1;
	classes = {
	};
	objectVersion = 50;
	objects = {

/* Begin PBXBuildFile section */
		BEC76B9A24FD89A10001DA63 /* DatePickerViewController.swift in Sources */ = {isa = PBXBuildFile; fileRef = BEC76B9924FD89A10001DA63 /* DatePickerViewController.swift */; };
		BEC76B9C24FD8A800001DA63 /* ApiDataViewController.swift in Sources */ = {isa = PBXBuildFile; fileRef = BEC76B9B24FD8A800001DA63 /* ApiDataViewController.swift */; };
		BEC76B9E24FD9C030001DA63 /* Apod.swift in Sources */ = {isa = PBXBuildFile; fileRef = BEC76B9D24FD9C030001DA63 /* Apod.swift */; };
		BEC76BA124FD9DAC0001DA63 /* WebKit.framework in Frameworks */ = {isa = PBXBuildFile; fileRef = BEC76BA024FD9DAC0001DA63 /* WebKit.framework */; };
		D7DD24BB24F971BB00BF5E3D /* AppDelegate.swift in Sources */ = {isa = PBXBuildFile; fileRef = D7DD24BA24F971BB00BF5E3D /* AppDelegate.swift */; };
		D7DD24BD24F971BB00BF5E3D /* GameScene.sks in Resources */ = {isa = PBXBuildFile; fileRef = D7DD24BC24F971BB00BF5E3D /* GameScene.sks */; };
		D7DD24BF24F971BB00BF5E3D /* Actions.sks in Resources */ = {isa = PBXBuildFile; fileRef = D7DD24BE24F971BB00BF5E3D /* Actions.sks */; };
		D7DD24C124F971BB00BF5E3D /* GameScene.swift in Sources */ = {isa = PBXBuildFile; fileRef = D7DD24C024F971BB00BF5E3D /* GameScene.swift */; };
		D7DD24C324F971BB00BF5E3D /* GameViewController.swift in Sources */ = {isa = PBXBuildFile; fileRef = D7DD24C224F971BB00BF5E3D /* GameViewController.swift */; };
		D7DD24C624F971BB00BF5E3D /* Main.storyboard in Resources */ = {isa = PBXBuildFile; fileRef = D7DD24C424F971BB00BF5E3D /* Main.storyboard */; };
		D7DD24C824F971BC00BF5E3D /* Assets.xcassets in Resources */ = {isa = PBXBuildFile; fileRef = D7DD24C724F971BC00BF5E3D /* Assets.xcassets */; };
		D7DD24CB24F971BC00BF5E3D /* LaunchScreen.storyboard in Resources */ = {isa = PBXBuildFile; fileRef = D7DD24C924F971BC00BF5E3D /* LaunchScreen.storyboard */; };
		D7DD24D324F9809100BF5E3D /* FirstViewController.swift in Sources */ = {isa = PBXBuildFile; fileRef = D7DD24D224F9809100BF5E3D /* FirstViewController.swift */; };
/* End PBXBuildFile section */

/* Begin PBXFileReference section */
		BEC76B9924FD89A10001DA63 /* DatePickerViewController.swift */ = {isa = PBXFileReference; lastKnownFileType = sourcecode.swift; path = DatePickerViewController.swift; sourceTree = "<group>"; };
		BEC76B9B24FD8A800001DA63 /* ApiDataViewController.swift */ = {isa = PBXFileReference; lastKnownFileType = sourcecode.swift; path = ApiDataViewController.swift; sourceTree = "<group>"; };
		BEC76B9D24FD9C030001DA63 /* Apod.swift */ = {isa = PBXFileReference; lastKnownFileType = sourcecode.swift; path = Apod.swift; sourceTree = "<group>"; };
		BEC76BA024FD9DAC0001DA63 /* WebKit.framework */ = {isa = PBXFileReference; lastKnownFileType = wrapper.framework; name = WebKit.framework; path = System/Library/Frameworks/WebKit.framework; sourceTree = SDKROOT; };
		D7DD24B724F971BB00BF5E3D /* Espasurdo.app */ = {isa = PBXFileReference; explicitFileType = wrapper.application; includeInIndex = 0; path = Espasurdo.app; sourceTree = BUILT_PRODUCTS_DIR; };
		D7DD24BA24F971BB00BF5E3D /* AppDelegate.swift */ = {isa = PBXFileReference; lastKnownFileType = sourcecode.swift; path = AppDelegate.swift; sourceTree = "<group>"; };
		D7DD24BC24F971BB00BF5E3D /* GameScene.sks */ = {isa = PBXFileReference; lastKnownFileType = file.sks; path = GameScene.sks; sourceTree = "<group>"; };
		D7DD24BE24F971BB00BF5E3D /* Actions.sks */ = {isa = PBXFileReference; lastKnownFileType = file.sks; path = Actions.sks; sourceTree = "<group>"; };
		D7DD24C024F971BB00BF5E3D /* GameScene.swift */ = {isa = PBXFileReference; lastKnownFileType = sourcecode.swift; path = GameScene.swift; sourceTree = "<group>"; };
		D7DD24C224F971BB00BF5E3D /* GameViewController.swift */ = {isa = PBXFileReference; lastKnownFileType = sourcecode.swift; path = GameViewController.swift; sourceTree = "<group>"; };
		D7DD24C524F971BB00BF5E3D /* Base */ = {isa = PBXFileReference; lastKnownFileType = file.storyboard; name = Base; path = Base.lproj/Main.storyboard; sourceTree = "<group>"; };
		D7DD24C724F971BC00BF5E3D /* Assets.xcassets */ = {isa = PBXFileReference; lastKnownFileType = folder.assetcatalog; path = Assets.xcassets; sourceTree = "<group>"; };
		D7DD24CA24F971BC00BF5E3D /* Base */ = {isa = PBXFileReference; lastKnownFileType = file.storyboard; name = Base; path = Base.lproj/LaunchScreen.storyboard; sourceTree = "<group>"; };
		D7DD24CC24F971BC00BF5E3D /* Info.plist */ = {isa = PBXFileReference; lastKnownFileType = text.plist.xml; path = Info.plist; sourceTree = "<group>"; };
		D7DD24D224F9809100BF5E3D /* FirstViewController.swift */ = {isa = PBXFileReference; lastKnownFileType = sourcecode.swift; path = FirstViewController.swift; sourceTree = "<group>"; };
/* End PBXFileReference section */

/* Begin PBXFrameworksBuildPhase section */
		D7DD24B424F971BB00BF5E3D /* Frameworks */ = {
			isa = PBXFrameworksBuildPhase;
			buildActionMask = 2147483647;
			files = (
				BEC76BA124FD9DAC0001DA63 /* WebKit.framework in Frameworks */,
			);
			runOnlyForDeploymentPostprocessing = 0;
		};
/* End PBXFrameworksBuildPhase section */

/* Begin PBXGroup section */
		BEC76B9F24FD9DAB0001DA63 /* Frameworks */ = {
			isa = PBXGroup;
			children = (
				BEC76BA024FD9DAC0001DA63 /* WebKit.framework */,
			);
			name = Frameworks;
			sourceTree = "<group>";
		};
		D7DD24AE24F971BB00BF5E3D = {
			isa = PBXGroup;
			children = (
				D7DD24B924F971BB00BF5E3D /* Espasurdo */,
				D7DD24B824F971BB00BF5E3D /* Products */,
				BEC76B9F24FD9DAB0001DA63 /* Frameworks */,
			);
			sourceTree = "<group>";
		};
		D7DD24B824F971BB00BF5E3D /* Products */ = {
			isa = PBXGroup;
			children = (
				D7DD24B724F971BB00BF5E3D /* Espasurdo.app */,
			);
			name = Products;
			sourceTree = "<group>";
		};
		D7DD24B924F971BB00BF5E3D /* Espasurdo */ = {
			isa = PBXGroup;
			children = (
				D7DD24BA24F971BB00BF5E3D /* AppDelegate.swift */,
				D7DD24BC24F971BB00BF5E3D /* GameScene.sks */,
				D7DD24BE24F971BB00BF5E3D /* Actions.sks */,
				D7DD24C024F971BB00BF5E3D /* GameScene.swift */,
				D7DD24C224F971BB00BF5E3D /* GameViewController.swift */,
				D7DD24D224F9809100BF5E3D /* FirstViewController.swift */,
				D7DD24C424F971BB00BF5E3D /* Main.storyboard */,
				D7DD24C724F971BC00BF5E3D /* Assets.xcassets */,
				D7DD24C924F971BC00BF5E3D /* LaunchScreen.storyboard */,
				D7DD24CC24F971BC00BF5E3D /* Info.plist */,
				BEC76B9924FD89A10001DA63 /* DatePickerViewController.swift */,
				BEC76B9B24FD8A800001DA63 /* ApiDataViewController.swift */,
				BEC76B9D24FD9C030001DA63 /* Apod.swift */,
			);
			path = Espasurdo;
			sourceTree = "<group>";
		};
/* End PBXGroup section */

/* Begin PBXNativeTarget section */
		D7DD24B624F971BB00BF5E3D /* Espasurdo */ = {
			isa = PBXNativeTarget;
			buildConfigurationList = D7DD24CF24F971BC00BF5E3D /* Build configuration list for PBXNativeTarget "Espasurdo" */;
			buildPhases = (
				D7DD24B324F971BB00BF5E3D /* Sources */,
				D7DD24B424F971BB00BF5E3D /* Frameworks */,
				D7DD24B524F971BB00BF5E3D /* Resources */,
			);
			buildRules = (
			);
			dependencies = (
			);
			name = Espasurdo;
			productName = labritinto;
			productReference = D7DD24B724F971BB00BF5E3D /* Espasurdo.app */;
			productType = "com.apple.product-type.application";
		};
/* End PBXNativeTarget section */

/* Begin PBXProject section */
		D7DD24AF24F971BB00BF5E3D /* Project object */ = {
			isa = PBXProject;
			attributes = {
				LastSwiftUpdateCheck = 1160;
				LastUpgradeCheck = 1160;
				ORGANIZATIONNAME = "Morgana Beatriz";
				TargetAttributes = {
					D7DD24B624F971BB00BF5E3D = {
						CreatedOnToolsVersion = 11.6;
					};
				};
			};
			buildConfigurationList = D7DD24B224F971BB00BF5E3D /* Build configuration list for PBXProject "Espasurdo" */;
			compatibilityVersion = "Xcode 9.3";
			developmentRegion = en;
			hasScannedForEncodings = 0;
			knownRegions = (
				en,
				Base,
			);
			mainGroup = D7DD24AE24F971BB00BF5E3D;
			productRefGroup = D7DD24B824F971BB00BF5E3D /* Products */;
			projectDirPath = "";
			projectRoot = "";
			targets = (
				D7DD24B624F971BB00BF5E3D /* Espasurdo */,
			);
		};
/* End PBXProject section */

/* Begin PBXResourcesBuildPhase section */
		D7DD24B524F971BB00BF5E3D /* Resources */ = {
			isa = PBXResourcesBuildPhase;
			buildActionMask = 2147483647;
			files = (
				D7DD24C624F971BB00BF5E3D /* Main.storyboard in Resources */,
				D7DD24BD24F971BB00BF5E3D /* GameScene.sks in Resources */,
				D7DD24C824F971BC00BF5E3D /* Assets.xcassets in Resources */,
				D7DD24CB24F971BC00BF5E3D /* LaunchScreen.storyboard in Resources */,
				D7DD24BF24F971BB00BF5E3D /* Actions.sks in Resources */,
			);
			runOnlyForDeploymentPostprocessing = 0;
		};
/* End PBXResourcesBuildPhase section */

/* Begin PBXSourcesBuildPhase section */
		D7DD24B324F971BB00BF5E3D /* Sources */ = {
			isa = PBXSourcesBuildPhase;
			buildActionMask = 2147483647;
			files = (
				BEC76B9E24FD9C030001DA63 /* Apod.swift in Sources */,
				D7DD24C124F971BB00BF5E3D /* GameScene.swift in Sources */,
				BEC76B9C24FD8A800001DA63 /* ApiDataViewController.swift in Sources */,
				BEC76B9A24FD89A10001DA63 /* DatePickerViewController.swift in Sources */,
				D7DD24C324F971BB00BF5E3D /* GameViewController.swift in Sources */,
				D7DD24BB24F971BB00BF5E3D /* AppDelegate.swift in Sources */,
				D7DD24D324F9809100BF5E3D /* FirstViewController.swift in Sources */,
			);
			runOnlyForDeploymentPostprocessing = 0;
		};
/* End PBXSourcesBuildPhase section */

/* Begin PBXVariantGroup section */
		D7DD24C424F971BB00BF5E3D /* Main.storyboard */ = {
			isa = PBXVariantGroup;
			children = (
				D7DD24C524F971BB00BF5E3D /* Base */,
			);
			name = Main.storyboard;
			sourceTree = "<group>";
		};
		D7DD24C924F971BC00BF5E3D /* LaunchScreen.storyboard */ = {
			isa = PBXVariantGroup;
			children = (
				D7DD24CA24F971BC00BF5E3D /* Base */,
			);
			name = LaunchScreen.storyboard;
			sourceTree = "<group>";
		};
/* End PBXVariantGroup section */

/* Begin XCBuildConfiguration section */
		D7DD24CD24F971BC00BF5E3D /* Debug */ = {
			isa = XCBuildConfiguration;
			buildSettings = {
				ALWAYS_SEARCH_USER_PATHS = NO;
				CLANG_ANALYZER_NONNULL = YES;
				CLANG_ANALYZER_NUMBER_OBJECT_CONVERSION = YES_AGGRESSIVE;
				CLANG_CXX_LANGUAGE_STANDARD = "gnu++14";
				CLANG_CXX_LIBRARY = "libc++";
				CLANG_ENABLE_MODULES = YES;
				CLANG_ENABLE_OBJC_ARC = YES;
				CLANG_ENABLE_OBJC_WEAK = YES;
				CLANG_WARN_BLOCK_CAPTURE_AUTORELEASING = YES;
				CLANG_WARN_BOOL_CONVERSION = YES;
				CLANG_WARN_COMMA = YES;
				CLANG_WARN_CONSTANT_CONVERSION = YES;
				CLANG_WARN_DEPRECATED_OBJC_IMPLEMENTATIONS = YES;
				CLANG_WARN_DIRECT_OBJC_ISA_USAGE = YES_ERROR;
				CLANG_WARN_DOCUMENTATION_COMMENTS = YES;
				CLANG_WARN_EMPTY_BODY = YES;
				CLANG_WARN_ENUM_CONVERSION = YES;
				CLANG_WARN_INFINITE_RECURSION = YES;
				CLANG_WARN_INT_CONVERSION = YES;
				CLANG_WARN_NON_LITERAL_NULL_CONVERSION = YES;
				CLANG_WARN_OBJC_IMPLICIT_RETAIN_SELF = YES;
				CLANG_WARN_OBJC_LITERAL_CONVERSION = YES;
				CLANG_WARN_OBJC_ROOT_CLASS = YES_ERROR;
				CLANG_WARN_RANGE_LOOP_ANALYSIS = YES;
				CLANG_WARN_STRICT_PROTOTYPES = YES;
				CLANG_WARN_SUSPICIOUS_MOVE = YES;
				CLANG_WARN_UNGUARDED_AVAILABILITY = YES_AGGRESSIVE;
				CLANG_WARN_UNREACHABLE_CODE = YES;
				CLANG_WARN__DUPLICATE_METHOD_MATCH = YES;
				COPY_PHASE_STRIP = NO;
				DEBUG_INFORMATION_FORMAT = dwarf;
				ENABLE_STRICT_OBJC_MSGSEND = YES;
				ENABLE_TESTABILITY = YES;
				GCC_C_LANGUAGE_STANDARD = gnu11;
				GCC_DYNAMIC_NO_PIC = NO;
				GCC_NO_COMMON_BLOCKS = YES;
				GCC_OPTIMIZATION_LEVEL = 0;
				GCC_PREPROCESSOR_DEFINITIONS = (
					"DEBUG=1",
					"$(inherited)",
				);
				GCC_WARN_64_TO_32_BIT_CONVERSION = YES;
				GCC_WARN_ABOUT_RETURN_TYPE = YES_ERROR;
				GCC_WARN_UNDECLARED_SELECTOR = YES;
				GCC_WARN_UNINITIALIZED_AUTOS = YES_AGGRESSIVE;
				GCC_WARN_UNUSED_FUNCTION = YES;
				GCC_WARN_UNUSED_VARIABLE = YES;
				IPHONEOS_DEPLOYMENT_TARGET = 13.6;
				MTL_ENABLE_DEBUG_INFO = INCLUDE_SOURCE;
				MTL_FAST_MATH = YES;
				ONLY_ACTIVE_ARCH = YES;
				SDKROOT = iphoneos;
				SWIFT_ACTIVE_COMPILATION_CONDITIONS = DEBUG;
				SWIFT_OPTIMIZATION_LEVEL = "-Onone";
			};
			name = Debug;
		};
		D7DD24CE24F971BC00BF5E3D /* Release */ = {
			isa = XCBuildConfiguration;
			buildSettings = {
				ALWAYS_SEARCH_USER_PATHS = NO;
				CLANG_ANALYZER_NONNULL = YES;
				CLANG_ANALYZER_NUMBER_OBJECT_CONVERSION = YES_AGGRESSIVE;
				CLANG_CXX_LANGUAGE_STANDARD = "gnu++14";
				CLANG_CXX_LIBRARY = "libc++";
				CLANG_ENABLE_MODULES = YES;
				CLANG_ENABLE_OBJC_ARC = YES;
				CLANG_ENABLE_OBJC_WEAK = YES;
				CLANG_WARN_BLOCK_CAPTURE_AUTORELEASING = YES;
				CLANG_WARN_BOOL_CONVERSION = YES;
				CLANG_WARN_COMMA = YES;
				CLANG_WARN_CONSTANT_CONVERSION = YES;
				CLANG_WARN_DEPRECATED_OBJC_IMPLEMENTATIONS = YES;
				CLANG_WARN_DIRECT_OBJC_ISA_USAGE = YES_ERROR;
				CLANG_WARN_DOCUMENTATION_COMMENTS = YES;
				CLANG_WARN_EMPTY_BODY = YES;
				CLANG_WARN_ENUM_CONVERSION = YES;
				CLANG_WARN_INFINITE_RECURSION = YES;
				CLANG_WARN_INT_CONVERSION = YES;
				CLANG_WARN_NON_LITERAL_NULL_CONVERSION = YES;
				CLANG_WARN_OBJC_IMPLICIT_RETAIN_SELF = YES;
				CLANG_WARN_OBJC_LITERAL_CONVERSION = YES;
				CLANG_WARN_OBJC_ROOT_CLASS = YES_ERROR;
				CLANG_WARN_RANGE_LOOP_ANALYSIS = YES;
				CLANG_WARN_STRICT_PROTOTYPES = YES;
				CLANG_WARN_SUSPICIOUS_MOVE = YES;
				CLANG_WARN_UNGUARDED_AVAILABILITY = YES_AGGRESSIVE;
				CLANG_WARN_UNREACHABLE_CODE = YES;
				CLANG_WARN__DUPLICATE_METHOD_MATCH = YES;
				COPY_PHASE_STRIP = NO;
				DEBUG_INFORMATION_FORMAT = "dwarf-with-dsym";
				ENABLE_NS_ASSERTIONS = NO;
				ENABLE_STRICT_OBJC_MSGSEND = YES;
				GCC_C_LANGUAGE_STANDARD = gnu11;
				GCC_NO_COMMON_BLOCKS = YES;
				GCC_WARN_64_TO_32_BIT_CONVERSION = YES;
				GCC_WARN_ABOUT_RETURN_TYPE = YES_ERROR;
				GCC_WARN_UNDECLARED_SELECTOR = YES;
				GCC_WARN_UNINITIALIZED_AUTOS = YES_AGGRESSIVE;
				GCC_WARN_UNUSED_FUNCTION = YES;
				GCC_WARN_UNUSED_VARIABLE = YES;
				IPHONEOS_DEPLOYMENT_TARGET = 13.6;
				MTL_ENABLE_DEBUG_INFO = NO;
				MTL_FAST_MATH = YES;
				SDKROOT = iphoneos;
				SWIFT_COMPILATION_MODE = wholemodule;
				SWIFT_OPTIMIZATION_LEVEL = "-O";
				VALIDATE_PRODUCT = YES;
			};
			name = Release;
		};
		D7DD24D024F971BC00BF5E3D /* Debug */ = {
			isa = XCBuildConfiguration;
			buildSettings = {
				ASSETCATALOG_COMPILER_APPICON_NAME = AppIcon;
				CODE_SIGN_STYLE = Automatic;
				DEVELOPMENT_TEAM = 28CMR6C7AZ;
				INFOPLIST_FILE = Espasurdo/Info.plist;
				LD_RUNPATH_SEARCH_PATHS = (
					"$(inherited)",
					"@executable_path/Frameworks",
				);
				PRODUCT_BUNDLE_IDENTIFIER = Morgana.labritinto;
				PRODUCT_NAME = Espasurdo;
				SWIFT_VERSION = 5.0;
				TARGETED_DEVICE_FAMILY = "1,2";
			};
			name = Debug;
		};
		D7DD24D124F971BC00BF5E3D /* Release */ = {
			isa = XCBuildConfiguration;
			buildSettings = {
				ASSETCATALOG_COMPILER_APPICON_NAME = AppIcon;
				CODE_SIGN_STYLE = Automatic;
				DEVELOPMENT_TEAM = 28CMR6C7AZ;
				INFOPLIST_FILE = Espasurdo/Info.plist;
				LD_RUNPATH_SEARCH_PATHS = (
					"$(inherited)",
					"@executable_path/Frameworks",
				);
				PRODUCT_BUNDLE_IDENTIFIER = Morgana.labritinto;
				PRODUCT_NAME = Espasurdo;
				SWIFT_VERSION = 5.0;
				TARGETED_DEVICE_FAMILY = "1,2";
			};
			name = Release;
		};
/* End XCBuildConfiguration section */

/* Begin XCConfigurationList section */
		D7DD24B224F971BB00BF5E3D /* Build configuration list for PBXProject "Espasurdo" */ = {
			isa = XCConfigurationList;
			buildConfigurations = (
				D7DD24CD24F971BC00BF5E3D /* Debug */,
				D7DD24CE24F971BC00BF5E3D /* Release */,
			);
			defaultConfigurationIsVisible = 0;
			defaultConfigurationName = Release;
		};
		D7DD24CF24F971BC00BF5E3D /* Build configuration list for PBXNativeTarget "Espasurdo" */ = {
			isa = XCConfigurationList;
			buildConfigurations = (
				D7DD24D024F971BC00BF5E3D /* Debug */,
				D7DD24D124F971BC00BF5E3D /* Release */,
			);
			defaultConfigurationIsVisible = 0;
			defaultConfigurationName = Release;
		};
/* End XCConfigurationList section */
	};
	rootObject = D7DD24AF24F971BB00BF5E3D /* Project object */;
}
